
Microsoft Visual Studio Solution File, Format Version 12.00
# Visual Studio Version 16
VisualStudioVersion = 16.0.30114.105
MinimumVisualStudioVersion = 10.0.40219.1
Project("{9A19103F-16F7-4668-BE54-9A1E7A4F7556}") = "ConsoleWriter", "src\ConsoleWriter\ConsoleWriter.csproj", "{313691AE-DBE7-4365-AFF7-6FA3644729BC}"
EndProject
Project("{9A19103F-16F7-4668-BE54-9A1E7A4F7556}") = "ConsoleWriter.Test", "test\ConsoleWriter.Test\ConsoleWriter.Test.csproj", "{35F403DC-E232-42AC-A93F-BF02C9703BCD}"
EndProject
Global
	GlobalSection(SolutionConfigurationPlatforms) = preSolution
		Debug|Any CPU = Debug|Any CPU
		Release|Any CPU = Release|Any CPU
	EndGlobalSection
	GlobalSection(ProjectConfigurationPlatforms) = postSolution
		{313691AE-DBE7-4365-AFF7-6FA3644729BC}.Debug|Any CPU.ActiveCfg = Debug|Any CPU
		{313691AE-DBE7-4365-AFF7-6FA3644729BC}.Debug|Any CPU.Build.0 = Debug|Any CPU
		{313691AE-DBE7-4365-AFF7-6FA3644729BC}.Release|Any CPU.ActiveCfg = Release|Any CPU
		{313691AE-DBE7-4365-AFF7-6FA3644729BC}.Release|Any CPU.Build.0 = Release|Any CPU
		{35F403DC-E232-42AC-A93F-BF02C9703BCD}.Debug|Any CPU.ActiveCfg = Debug|Any CPU
		{35F403DC-E232-42AC-A93F-BF02C9703BCD}.Debug|Any CPU.Build.0 = Debug|Any CPU
		{35F403DC-E232-42AC-A93F-BF02C9703BCD}.Release|Any CPU.ActiveCfg = Release|Any CPU
		{35F403DC-E232-42AC-A93F-BF02C9703BCD}.Release|Any CPU.Build.0 = Release|Any CPU
	EndGlobalSection
	GlobalSection(SolutionProperties) = preSolution
		HideSolutionNode = FALSE
	EndGlobalSection
	GlobalSection(ExtensibilityGlobals) = postSolution
		SolutionGuid = {770ABB12-2499-460A-B631-7B24D041310E}
	EndGlobalSection
EndGlobal
